
Microsoft Visual Studio Solution File, Format Version 12.00
# Visual Studio Version 17
VisualStudioVersion = 17.7.34221.43
MinimumVisualStudioVersion = 10.0.40219.1
Project("{FAE04EC0-301F-11D3-BF4B-00C04F79EFBC}") = "Rest_Contries.API", "..\Rest_Contries.API\Rest_Contries.API.csproj", "{7487B6FB-31A1-4B1A-A1B7-8DC39B3ED586}"
EndProject
Project("{FAE04EC0-301F-11D3-BF4B-00C04F79EFBC}") = "Rest_Contries.Web", "..\Rest_Contries.Web\Rest_Contries.Web.csproj", "{27590D78-7AB9-4BF8-A24E-16C89725249A}"
EndProject
Global
	GlobalSection(SolutionConfigurationPlatforms) = preSolution
		Debug|Any CPU = Debug|Any CPU
		Release|Any CPU = Release|Any CPU
	EndGlobalSection
	GlobalSection(ProjectConfigurationPlatforms) = postSolution
		{7487B6FB-31A1-4B1A-A1B7-8DC39B3ED586}.Debug|Any CPU.ActiveCfg = Debug|Any CPU
		{7487B6FB-31A1-4B1A-A1B7-8DC39B3ED586}.Debug|Any CPU.Build.0 = Debug|Any CPU
		{7487B6FB-31A1-4B1A-A1B7-8DC39B3ED586}.Release|Any CPU.ActiveCfg = Release|Any CPU
		{7487B6FB-31A1-4B1A-A1B7-8DC39B3ED586}.Release|Any CPU.Build.0 = Release|Any CPU
		{27590D78-7AB9-4BF8-A24E-16C89725249A}.Debug|Any CPU.ActiveCfg = Debug|Any CPU
		{27590D78-7AB9-4BF8-A24E-16C89725249A}.Debug|Any CPU.Build.0 = Debug|Any CPU
		{27590D78-7AB9-4BF8-A24E-16C89725249A}.Release|Any CPU.ActiveCfg = Release|Any CPU
		{27590D78-7AB9-4BF8-A24E-16C89725249A}.Release|Any CPU.Build.0 = Release|Any CPU
	EndGlobalSection
	GlobalSection(SolutionProperties) = preSolution
		HideSolutionNode = FALSE
	EndGlobalSection
	GlobalSection(ExtensibilityGlobals) = postSolution
		SolutionGuid = {AD267431-3DAB-4558-897E-8263F6D6A32A}
	EndGlobalSection
EndGlobal
